
Microsoft Visual Studio Solution File, Format Version 12.00
# Visual Studio Version 17
VisualStudioVersion = 17.7.34031.279
MinimumVisualStudioVersion = 10.0.40219.1
Project("{9A19103F-16F7-4668-BE54-9A1E7A4F7556}") = "ProductOil", "ProductOil\ProductOil.csproj", "{23CE1E08-3EA3-4713-BFFC-A5785C18A89F}"
EndProject
Global
	GlobalSection(SolutionConfigurationPlatforms) = preSolution
		Debug|Any CPU = Debug|Any CPU
		Release|Any CPU = Release|Any CPU
	EndGlobalSection
	GlobalSection(ProjectConfigurationPlatforms) = postSolution
		{23CE1E08-3EA3-4713-BFFC-A5785C18A89F}.Debug|Any CPU.ActiveCfg = Debug|Any CPU
		{23CE1E08-3EA3-4713-BFFC-A5785C18A89F}.Debug|Any CPU.Build.0 = Debug|Any CPU
		{23CE1E08-3EA3-4713-BFFC-A5785C18A89F}.Release|Any CPU.ActiveCfg = Release|Any CPU
		{23CE1E08-3EA3-4713-BFFC-A5785C18A89F}.Release|Any CPU.Build.0 = Release|Any CPU
	EndGlobalSection
	GlobalSection(SolutionProperties) = preSolution
		HideSolutionNode = FALSE
	EndGlobalSection
	GlobalSection(ExtensibilityGlobals) = postSolution
		SolutionGuid = {783BCFE4-6DF9-419A-A58A-591C029E1AD1}
	EndGlobalSection
EndGlobal
